
Microsoft Visual Studio Solution File, Format Version 12.00
# Visual Studio Version 16
VisualStudioVersion = 16.0.31911.196
MinimumVisualStudioVersion = 10.0.40219.1
Project("{FAE04EC0-301F-11D3-BF4B-00C04F79EFBC}") = "House", "House\House.csproj", "{C15EC1F4-A18F-47C5-8DD9-0982F4B0B028}"
EndProject
Project("{FAE04EC0-301F-11D3-BF4B-00C04F79EFBC}") = "Testen", "Testen\Testen.csproj", "{18E9D0DF-F541-4F49-8D1C-086F34B74F57}"
EndProject
Global
	GlobalSection(SolutionConfigurationPlatforms) = preSolution
		Debug|Any CPU = Debug|Any CPU
		Release|Any CPU = Release|Any CPU
	EndGlobalSection
	GlobalSection(ProjectConfigurationPlatforms) = postSolution
		{C15EC1F4-A18F-47C5-8DD9-0982F4B0B028}.Debug|Any CPU.ActiveCfg = Debug|Any CPU
		{C15EC1F4-A18F-47C5-8DD9-0982F4B0B028}.Debug|Any CPU.Build.0 = Debug|Any CPU
		{C15EC1F4-A18F-47C5-8DD9-0982F4B0B028}.Release|Any CPU.ActiveCfg = Release|Any CPU
		{C15EC1F4-A18F-47C5-8DD9-0982F4B0B028}.Release|Any CPU.Build.0 = Release|Any CPU
		{18E9D0DF-F541-4F49-8D1C-086F34B74F57}.Debug|Any CPU.ActiveCfg = Debug|Any CPU
		{18E9D0DF-F541-4F49-8D1C-086F34B74F57}.Debug|Any CPU.Build.0 = Debug|Any CPU
		{18E9D0DF-F541-4F49-8D1C-086F34B74F57}.Release|Any CPU.ActiveCfg = Release|Any CPU
		{18E9D0DF-F541-4F49-8D1C-086F34B74F57}.Release|Any CPU.Build.0 = Release|Any CPU
	EndGlobalSection
	GlobalSection(SolutionProperties) = preSolution
		HideSolutionNode = FALSE
	EndGlobalSection
	GlobalSection(ExtensibilityGlobals) = postSolution
		SolutionGuid = {C6DE5ACD-A932-485A-8E66-0CF357A9A700}
	EndGlobalSection
EndGlobal
