
Microsoft Visual Studio Solution File, Format Version 12.00
# Visual Studio Version 16
VisualStudioVersion = 16.0.31105.61
MinimumVisualStudioVersion = 10.0.40219.1
Project("{FAE04EC0-301F-11D3-BF4B-00C04F79EFBC}") = "kickoffProjectinformatica", "kickoffProjectinformatica\kickoffProjectinformatica.csproj", "{6F2770FA-C764-4C8B-BCE5-23F4B4E76B58}"
EndProject
Global
	GlobalSection(SolutionConfigurationPlatforms) = preSolution
		Debug|Any CPU = Debug|Any CPU
		Release|Any CPU = Release|Any CPU
	EndGlobalSection
	GlobalSection(ProjectConfigurationPlatforms) = postSolution
		{6F2770FA-C764-4C8B-BCE5-23F4B4E76B58}.Debug|Any CPU.ActiveCfg = Debug|Any CPU
		{6F2770FA-C764-4C8B-BCE5-23F4B4E76B58}.Debug|Any CPU.Build.0 = Debug|Any CPU
		{6F2770FA-C764-4C8B-BCE5-23F4B4E76B58}.Release|Any CPU.ActiveCfg = Release|Any CPU
		{6F2770FA-C764-4C8B-BCE5-23F4B4E76B58}.Release|Any CPU.Build.0 = Release|Any CPU
	EndGlobalSection
	GlobalSection(SolutionProperties) = preSolution
		HideSolutionNode = FALSE
	EndGlobalSection
	GlobalSection(ExtensibilityGlobals) = postSolution
		SolutionGuid = {37F8FBEE-A249-4070-B346-431AFC75CB3F}
	EndGlobalSection
EndGlobal
